// !$*UTF8*$!
{
	archiveVersion = 1;
	classes = {
	};
	objectVersion = 56;
	objects = {

/* Begin PBXBuildFile section */
		724AC97C28EBF99400AB8A55 /* PanelViewController.swift in Sources */ = {isa = PBXBuildFile; fileRef = 724AC97B28EBF99400AB8A55 /* PanelViewController.swift */; };
		7269464B28EB51FB00217A23 /* AppDelegate.swift in Sources */ = {isa = PBXBuildFile; fileRef = 7269464A28EB51FB00217A23 /* AppDelegate.swift */; };
		7269464D28EB51FB00217A23 /* SceneDelegate.swift in Sources */ = {isa = PBXBuildFile; fileRef = 7269464C28EB51FB00217A23 /* SceneDelegate.swift */; };
		7269464F28EB51FB00217A23 /* WatchListViewController.swift in Sources */ = {isa = PBXBuildFile; fileRef = 7269464E28EB51FB00217A23 /* WatchListViewController.swift */; };
		7269465428EB51FB00217A23 /* Assets.xcassets in Resources */ = {isa = PBXBuildFile; fileRef = 7269465328EB51FB00217A23 /* Assets.xcassets */; };
		7269465728EB51FB00217A23 /* LaunchScreen.storyboard in Resources */ = {isa = PBXBuildFile; fileRef = 7269465528EB51FB00217A23 /* LaunchScreen.storyboard */; };
		7269466428EB52DD00217A23 /* TopStoriesNewsViewController.swift in Sources */ = {isa = PBXBuildFile; fileRef = 7269466328EB52DD00217A23 /* TopStoriesNewsViewController.swift */; };
		7269466628EB52EB00217A23 /* SearchResultsViewController.swift in Sources */ = {isa = PBXBuildFile; fileRef = 7269466528EB52EB00217A23 /* SearchResultsViewController.swift */; };
		7269466828EB52F500217A23 /* StocksDetailsViewController.swift in Sources */ = {isa = PBXBuildFile; fileRef = 7269466728EB52F500217A23 /* StocksDetailsViewController.swift */; };
		7269466A28EB708D00217A23 /* APICaller.swift in Sources */ = {isa = PBXBuildFile; fileRef = 7269466928EB708D00217A23 /* APICaller.swift */; };
		7269466C28EB70A200217A23 /* PersistenceManager.swift in Sources */ = {isa = PBXBuildFile; fileRef = 7269466B28EB70A200217A23 /* PersistenceManager.swift */; };
		7269466E28EB70B300217A23 /* HapticsManager.swift in Sources */ = {isa = PBXBuildFile; fileRef = 7269466D28EB70B300217A23 /* HapticsManager.swift */; };
		7269467028EB84DB00217A23 /* Extensions.swift in Sources */ = {isa = PBXBuildFile; fileRef = 7269466F28EB84DB00217A23 /* Extensions.swift */; };
		7269467228EB86BA00217A23 /* SearchResultTableViewCell.swift in Sources */ = {isa = PBXBuildFile; fileRef = 7269467128EB86BA00217A23 /* SearchResultTableViewCell.swift */; };
		72E7498828EBB58200042681 /* SearchResponse.swift in Sources */ = {isa = PBXBuildFile; fileRef = 72E7498728EBB58200042681 /* SearchResponse.swift */; };
		72F8625E28EC5CFF000353DA /* FloatingPanel in Frameworks */ = {isa = PBXBuildFile; productRef = 72F8625D28EC5CFF000353DA /* FloatingPanel */; };
/* End PBXBuildFile section */

/* Begin PBXFileReference section */
		724AC97B28EBF99400AB8A55 /* PanelViewController.swift */ = {isa = PBXFileReference; lastKnownFileType = sourcecode.swift; path = PanelViewController.swift; sourceTree = "<group>"; };
		7269464728EB51FB00217A23 /* Stocks.app */ = {isa = PBXFileReference; explicitFileType = wrapper.application; includeInIndex = 0; path = Stocks.app; sourceTree = BUILT_PRODUCTS_DIR; };
		7269464A28EB51FB00217A23 /* AppDelegate.swift */ = {isa = PBXFileReference; lastKnownFileType = sourcecode.swift; path = AppDelegate.swift; sourceTree = "<group>"; };
		7269464C28EB51FB00217A23 /* SceneDelegate.swift */ = {isa = PBXFileReference; lastKnownFileType = sourcecode.swift; path = SceneDelegate.swift; sourceTree = "<group>"; };
		7269464E28EB51FB00217A23 /* WatchListViewController.swift */ = {isa = PBXFileReference; lastKnownFileType = sourcecode.swift; path = WatchListViewController.swift; sourceTree = "<group>"; };
		7269465328EB51FB00217A23 /* Assets.xcassets */ = {isa = PBXFileReference; lastKnownFileType = folder.assetcatalog; path = Assets.xcassets; sourceTree = "<group>"; };
		7269465628EB51FB00217A23 /* Base */ = {isa = PBXFileReference; lastKnownFileType = file.storyboard; name = Base; path = Base.lproj/LaunchScreen.storyboard; sourceTree = "<group>"; };
		7269465828EB51FB00217A23 /* Info.plist */ = {isa = PBXFileReference; lastKnownFileType = text.plist.xml; path = Info.plist; sourceTree = "<group>"; };
		7269466328EB52DD00217A23 /* TopStoriesNewsViewController.swift */ = {isa = PBXFileReference; lastKnownFileType = sourcecode.swift; path = TopStoriesNewsViewController.swift; sourceTree = "<group>"; };
		7269466528EB52EB00217A23 /* SearchResultsViewController.swift */ = {isa = PBXFileReference; lastKnownFileType = sourcecode.swift; path = SearchResultsViewController.swift; sourceTree = "<group>"; };
		7269466728EB52F500217A23 /* StocksDetailsViewController.swift */ = {isa = PBXFileReference; lastKnownFileType = sourcecode.swift; path = StocksDetailsViewController.swift; sourceTree = "<group>"; };
		7269466928EB708D00217A23 /* APICaller.swift */ = {isa = PBXFileReference; lastKnownFileType = sourcecode.swift; path = APICaller.swift; sourceTree = "<group>"; };
		7269466B28EB70A200217A23 /* PersistenceManager.swift */ = {isa = PBXFileReference; lastKnownFileType = sourcecode.swift; path = PersistenceManager.swift; sourceTree = "<group>"; };
		7269466D28EB70B300217A23 /* HapticsManager.swift */ = {isa = PBXFileReference; lastKnownFileType = sourcecode.swift; path = HapticsManager.swift; sourceTree = "<group>"; };
		7269466F28EB84DB00217A23 /* Extensions.swift */ = {isa = PBXFileReference; lastKnownFileType = sourcecode.swift; path = Extensions.swift; sourceTree = "<group>"; };
		7269467128EB86BA00217A23 /* SearchResultTableViewCell.swift */ = {isa = PBXFileReference; lastKnownFileType = sourcecode.swift; path = SearchResultTableViewCell.swift; sourceTree = "<group>"; };
		72E7498728EBB58200042681 /* SearchResponse.swift */ = {isa = PBXFileReference; lastKnownFileType = sourcecode.swift; path = SearchResponse.swift; sourceTree = "<group>"; };
/* End PBXFileReference section */

/* Begin PBXFrameworksBuildPhase section */
		7269464428EB51FB00217A23 /* Frameworks */ = {
			isa = PBXFrameworksBuildPhase;
			buildActionMask = 2147483647;
			files = (
				72F8625E28EC5CFF000353DA /* FloatingPanel in Frameworks */,
			);
			runOnlyForDeploymentPostprocessing = 0;
		};
/* End PBXFrameworksBuildPhase section */

/* Begin PBXGroup section */
		7269463E28EB51FB00217A23 = {
			isa = PBXGroup;
			children = (
				7269464928EB51FB00217A23 /* Stocks */,
				7269464828EB51FB00217A23 /* Products */,
			);
			sourceTree = "<group>";
		};
		7269464828EB51FB00217A23 /* Products */ = {
			isa = PBXGroup;
			children = (
				7269464728EB51FB00217A23 /* Stocks.app */,
			);
			name = Products;
			sourceTree = "<group>";
		};
		7269464928EB51FB00217A23 /* Stocks */ = {
			isa = PBXGroup;
			children = (
				7269466228EB525600217A23 /* Other */,
				7269466128EB524E00217A23 /* Managers */,
				7269466028EB523C00217A23 /* Controllers */,
				7269465F28EB523500217A23 /* Views */,
				7269465E28EB522E00217A23 /* Models */,
				7269465828EB51FB00217A23 /* Info.plist */,
			);
			path = Stocks;
			sourceTree = "<group>";
		};
		7269465E28EB522E00217A23 /* Models */ = {
			isa = PBXGroup;
			children = (
				72E7498728EBB58200042681 /* SearchResponse.swift */,
			);
			path = Models;
			sourceTree = "<group>";
		};
		7269465F28EB523500217A23 /* Views */ = {
			isa = PBXGroup;
			children = (
				7269465528EB51FB00217A23 /* LaunchScreen.storyboard */,
				7269467128EB86BA00217A23 /* SearchResultTableViewCell.swift */,
			);
			path = Views;
			sourceTree = "<group>";
		};
		7269466028EB523C00217A23 /* Controllers */ = {
			isa = PBXGroup;
			children = (
				7269464E28EB51FB00217A23 /* WatchListViewController.swift */,
				7269466328EB52DD00217A23 /* TopStoriesNewsViewController.swift */,
				7269466528EB52EB00217A23 /* SearchResultsViewController.swift */,
				7269466728EB52F500217A23 /* StocksDetailsViewController.swift */,
				724AC97B28EBF99400AB8A55 /* PanelViewController.swift */,
			);
			path = Controllers;
			sourceTree = "<group>";
		};
		7269466128EB524E00217A23 /* Managers */ = {
			isa = PBXGroup;
			children = (
				7269466928EB708D00217A23 /* APICaller.swift */,
				7269466B28EB70A200217A23 /* PersistenceManager.swift */,
				7269466D28EB70B300217A23 /* HapticsManager.swift */,
			);
			path = Managers;
			sourceTree = "<group>";
		};
		7269466228EB525600217A23 /* Other */ = {
			isa = PBXGroup;
			children = (
				7269465328EB51FB00217A23 /* Assets.xcassets */,
				7269464A28EB51FB00217A23 /* AppDelegate.swift */,
				7269464C28EB51FB00217A23 /* SceneDelegate.swift */,
				7269466F28EB84DB00217A23 /* Extensions.swift */,
			);
			path = Other;
			sourceTree = "<group>";
		};
/* End PBXGroup section */

/* Begin PBXNativeTarget section */
		7269464628EB51FB00217A23 /* Stocks */ = {
			isa = PBXNativeTarget;
			buildConfigurationList = 7269465B28EB51FB00217A23 /* Build configuration list for PBXNativeTarget "Stocks" */;
			buildPhases = (
				7269464328EB51FB00217A23 /* Sources */,
				7269464428EB51FB00217A23 /* Frameworks */,
				7269464528EB51FB00217A23 /* Resources */,
			);
			buildRules = (
			);
			dependencies = (
			);
			name = Stocks;
			packageProductDependencies = (
				72F8625D28EC5CFF000353DA /* FloatingPanel */,
			);
			productName = Stocks;
			productReference = 7269464728EB51FB00217A23 /* Stocks.app */;
			productType = "com.apple.product-type.application";
		};
/* End PBXNativeTarget section */

/* Begin PBXProject section */
		7269463F28EB51FB00217A23 /* Project object */ = {
			isa = PBXProject;
			attributes = {
				BuildIndependentTargetsInParallel = 1;
				LastSwiftUpdateCheck = 1400;
				LastUpgradeCheck = 1400;
				TargetAttributes = {
					7269464628EB51FB00217A23 = {
						CreatedOnToolsVersion = 14.0.1;
					};
				};
			};
			buildConfigurationList = 7269464228EB51FB00217A23 /* Build configuration list for PBXProject "Stocks" */;
			compatibilityVersion = "Xcode 14.0";
			developmentRegion = en;
			hasScannedForEncodings = 0;
			knownRegions = (
				en,
				Base,
			);
			mainGroup = 7269463E28EB51FB00217A23;
			packageReferences = (
				72F8625C28EC5CFF000353DA /* XCRemoteSwiftPackageReference "FloatingPanel" */,
			);
			productRefGroup = 7269464828EB51FB00217A23 /* Products */;
			projectDirPath = "";
			projectRoot = "";
			targets = (
				7269464628EB51FB00217A23 /* Stocks */,
			);
		};
/* End PBXProject section */

/* Begin PBXResourcesBuildPhase section */
		7269464528EB51FB00217A23 /* Resources */ = {
			isa = PBXResourcesBuildPhase;
			buildActionMask = 2147483647;
			files = (
				7269465728EB51FB00217A23 /* LaunchScreen.storyboard in Resources */,
				7269465428EB51FB00217A23 /* Assets.xcassets in Resources */,
			);
			runOnlyForDeploymentPostprocessing = 0;
		};
/* End PBXResourcesBuildPhase section */

/* Begin PBXSourcesBuildPhase section */
		7269464328EB51FB00217A23 /* Sources */ = {
			isa = PBXSourcesBuildPhase;
			buildActionMask = 2147483647;
			files = (
				7269466E28EB70B300217A23 /* HapticsManager.swift in Sources */,
				7269467228EB86BA00217A23 /* SearchResultTableViewCell.swift in Sources */,
				7269464F28EB51FB00217A23 /* WatchListViewController.swift in Sources */,
				7269466428EB52DD00217A23 /* TopStoriesNewsViewController.swift in Sources */,
				7269466828EB52F500217A23 /* StocksDetailsViewController.swift in Sources */,
				7269466C28EB70A200217A23 /* PersistenceManager.swift in Sources */,
				7269467028EB84DB00217A23 /* Extensions.swift in Sources */,
				7269466A28EB708D00217A23 /* APICaller.swift in Sources */,
				72E7498828EBB58200042681 /* SearchResponse.swift in Sources */,
				7269464B28EB51FB00217A23 /* AppDelegate.swift in Sources */,
				7269464D28EB51FB00217A23 /* SceneDelegate.swift in Sources */,
				724AC97C28EBF99400AB8A55 /* PanelViewController.swift in Sources */,
				7269466628EB52EB00217A23 /* SearchResultsViewController.swift in Sources */,
			);
			runOnlyForDeploymentPostprocessing = 0;
		};
/* End PBXSourcesBuildPhase section */

/* Begin PBXVariantGroup section */
		7269465528EB51FB00217A23 /* LaunchScreen.storyboard */ = {
			isa = PBXVariantGroup;
			children = (
				7269465628EB51FB00217A23 /* Base */,
			);
			name = LaunchScreen.storyboard;
			sourceTree = "<group>";
		};
/* End PBXVariantGroup section */

/* Begin XCBuildConfiguration section */
		7269465928EB51FB00217A23 /* Debug */ = {
			isa = XCBuildConfiguration;
			buildSettings = {
				ALWAYS_SEARCH_USER_PATHS = NO;
				CLANG_ANALYZER_NONNULL = YES;
				CLANG_ANALYZER_NUMBER_OBJECT_CONVERSION = YES_AGGRESSIVE;
				CLANG_CXX_LANGUAGE_STANDARD = "gnu++20";
				CLANG_ENABLE_MODULES = YES;
				CLANG_ENABLE_OBJC_ARC = YES;
				CLANG_ENABLE_OBJC_WEAK = YES;
				CLANG_WARN_BLOCK_CAPTURE_AUTORELEASING = YES;
				CLANG_WARN_BOOL_CONVERSION = YES;
				CLANG_WARN_COMMA = YES;
				CLANG_WARN_CONSTANT_CONVERSION = YES;
				CLANG_WARN_DEPRECATED_OBJC_IMPLEMENTATIONS = YES;
				CLANG_WARN_DIRECT_OBJC_ISA_USAGE = YES_ERROR;
				CLANG_WARN_DOCUMENTATION_COMMENTS = YES;
				CLANG_WARN_EMPTY_BODY = YES;
				CLANG_WARN_ENUM_CONVERSION = YES;
				CLANG_WARN_INFINITE_RECURSION = YES;
				CLANG_WARN_INT_CONVERSION = YES;
				CLANG_WARN_NON_LITERAL_NULL_CONVERSION = YES;
				CLANG_WARN_OBJC_IMPLICIT_RETAIN_SELF = YES;
				CLANG_WARN_OBJC_LITERAL_CONVERSION = YES;
				CLANG_WARN_OBJC_ROOT_CLASS = YES_ERROR;
				CLANG_WARN_QUOTED_INCLUDE_IN_FRAMEWORK_HEADER = YES;
				CLANG_WARN_RANGE_LOOP_ANALYSIS = YES;
				CLANG_WARN_STRICT_PROTOTYPES = YES;
				CLANG_WARN_SUSPICIOUS_MOVE = YES;
				CLANG_WARN_UNGUARDED_AVAILABILITY = YES_AGGRESSIVE;
				CLANG_WARN_UNREACHABLE_CODE = YES;
				CLANG_WARN__DUPLICATE_METHOD_MATCH = YES;
				COPY_PHASE_STRIP = NO;
				DEBUG_INFORMATION_FORMAT = dwarf;
				ENABLE_STRICT_OBJC_MSGSEND = YES;
				ENABLE_TESTABILITY = YES;
				GCC_C_LANGUAGE_STANDARD = gnu11;
				GCC_DYNAMIC_NO_PIC = NO;
				GCC_NO_COMMON_BLOCKS = YES;
				GCC_OPTIMIZATION_LEVEL = 0;
				GCC_PREPROCESSOR_DEFINITIONS = (
					"DEBUG=1",
					"$(inherited)",
				);
				GCC_WARN_64_TO_32_BIT_CONVERSION = YES;
				GCC_WARN_ABOUT_RETURN_TYPE = YES_ERROR;
				GCC_WARN_UNDECLARED_SELECTOR = YES;
				GCC_WARN_UNINITIALIZED_AUTOS = YES_AGGRESSIVE;
				GCC_WARN_UNUSED_FUNCTION = YES;
				GCC_WARN_UNUSED_VARIABLE = YES;
				IPHONEOS_DEPLOYMENT_TARGET = 13.0;
				MTL_ENABLE_DEBUG_INFO = INCLUDE_SOURCE;
				MTL_FAST_MATH = YES;
				ONLY_ACTIVE_ARCH = YES;
				SDKROOT = iphoneos;
				SWIFT_ACTIVE_COMPILATION_CONDITIONS = DEBUG;
				SWIFT_OPTIMIZATION_LEVEL = "-Onone";
			};
			name = Debug;
		};
		7269465A28EB51FB00217A23 /* Release */ = {
			isa = XCBuildConfiguration;
			buildSettings = {
				ALWAYS_SEARCH_USER_PATHS = NO;
				CLANG_ANALYZER_NONNULL = YES;
				CLANG_ANALYZER_NUMBER_OBJECT_CONVERSION = YES_AGGRESSIVE;
				CLANG_CXX_LANGUAGE_STANDARD = "gnu++20";
				CLANG_ENABLE_MODULES = YES;
				CLANG_ENABLE_OBJC_ARC = YES;
				CLANG_ENABLE_OBJC_WEAK = YES;
				CLANG_WARN_BLOCK_CAPTURE_AUTORELEASING = YES;
				CLANG_WARN_BOOL_CONVERSION = YES;
				CLANG_WARN_COMMA = YES;
				CLANG_WARN_CONSTANT_CONVERSION = YES;
				CLANG_WARN_DEPRECATED_OBJC_IMPLEMENTATIONS = YES;
				CLANG_WARN_DIRECT_OBJC_ISA_USAGE = YES_ERROR;
				CLANG_WARN_DOCUMENTATION_COMMENTS = YES;
				CLANG_WARN_EMPTY_BODY = YES;
				CLANG_WARN_ENUM_CONVERSION = YES;
				CLANG_WARN_INFINITE_RECURSION = YES;
				CLANG_WARN_INT_CONVERSION = YES;
				CLANG_WARN_NON_LITERAL_NULL_CONVERSION = YES;
				CLANG_WARN_OBJC_IMPLICIT_RETAIN_SELF = YES;
				CLANG_WARN_OBJC_LITERAL_CONVERSION = YES;
				CLANG_WARN_OBJC_ROOT_CLASS = YES_ERROR;
				CLANG_WARN_QUOTED_INCLUDE_IN_FRAMEWORK_HEADER = YES;
				CLANG_WARN_RANGE_LOOP_ANALYSIS = YES;
				CLANG_WARN_STRICT_PROTOTYPES = YES;
				CLANG_WARN_SUSPICIOUS_MOVE = YES;
				CLANG_WARN_UNGUARDED_AVAILABILITY = YES_AGGRESSIVE;
				CLANG_WARN_UNREACHABLE_CODE = YES;
				CLANG_WARN__DUPLICATE_METHOD_MATCH = YES;
				COPY_PHASE_STRIP = NO;
				DEBUG_INFORMATION_FORMAT = "dwarf-with-dsym";
				ENABLE_NS_ASSERTIONS = NO;
				ENABLE_STRICT_OBJC_MSGSEND = YES;
				GCC_C_LANGUAGE_STANDARD = gnu11;
				GCC_NO_COMMON_BLOCKS = YES;
				GCC_WARN_64_TO_32_BIT_CONVERSION = YES;
				GCC_WARN_ABOUT_RETURN_TYPE = YES_ERROR;
				GCC_WARN_UNDECLARED_SELECTOR = YES;
				GCC_WARN_UNINITIALIZED_AUTOS = YES_AGGRESSIVE;
				GCC_WARN_UNUSED_FUNCTION = YES;
				GCC_WARN_UNUSED_VARIABLE = YES;
				IPHONEOS_DEPLOYMENT_TARGET = 13.0;
				MTL_ENABLE_DEBUG_INFO = NO;
				MTL_FAST_MATH = YES;
				SDKROOT = iphoneos;
				SWIFT_COMPILATION_MODE = wholemodule;
				SWIFT_OPTIMIZATION_LEVEL = "-O";
				VALIDATE_PRODUCT = YES;
			};
			name = Release;
		};
		7269465C28EB51FB00217A23 /* Debug */ = {
			isa = XCBuildConfiguration;
			buildSettings = {
				ASSETCATALOG_COMPILER_APPICON_NAME = AppIcon;
				ASSETCATALOG_COMPILER_GLOBAL_ACCENT_COLOR_NAME = AccentColor;
				CODE_SIGN_STYLE = Automatic;
				CURRENT_PROJECT_VERSION = 1;
				DEVELOPMENT_TEAM = J76GLL854P;
				GENERATE_INFOPLIST_FILE = YES;
				INFOPLIST_FILE = Stocks/Info.plist;
				INFOPLIST_KEY_UIApplicationSupportsIndirectInputEvents = YES;
				INFOPLIST_KEY_UILaunchStoryboardName = LaunchScreen;
				INFOPLIST_KEY_UISupportedInterfaceOrientations = UIInterfaceOrientationPortrait;
				IPHONEOS_DEPLOYMENT_TARGET = 16.0;
				LD_RUNPATH_SEARCH_PATHS = (
					"$(inherited)",
					"@executable_path/Frameworks",
				);
				MARKETING_VERSION = 1.0;
				PRODUCT_BUNDLE_IDENTIFIER = josephCalla.com.Stocks;
				PRODUCT_NAME = "$(TARGET_NAME)";
				SWIFT_EMIT_LOC_STRINGS = YES;
				SWIFT_VERSION = 5.0;
				TARGETED_DEVICE_FAMILY = "1,2";
			};
			name = Debug;
		};
		7269465D28EB51FB00217A23 /* Release */ = {
			isa = XCBuildConfiguration;
			buildSettings = {
				ASSETCATALOG_COMPILER_APPICON_NAME = AppIcon;
				ASSETCATALOG_COMPILER_GLOBAL_ACCENT_COLOR_NAME = AccentColor;
				CODE_SIGN_STYLE = Automatic;
				CURRENT_PROJECT_VERSION = 1;
				DEVELOPMENT_TEAM = J76GLL854P;
				GENERATE_INFOPLIST_FILE = YES;
				INFOPLIST_FILE = Stocks/Info.plist;
				INFOPLIST_KEY_UIApplicationSupportsIndirectInputEvents = YES;
				INFOPLIST_KEY_UILaunchStoryboardName = LaunchScreen;
				INFOPLIST_KEY_UISupportedInterfaceOrientations = UIInterfaceOrientationPortrait;
				IPHONEOS_DEPLOYMENT_TARGET = 16.0;
				LD_RUNPATH_SEARCH_PATHS = (
					"$(inherited)",
					"@executable_path/Frameworks",
				);
				MARKETING_VERSION = 1.0;
				PRODUCT_BUNDLE_IDENTIFIER = josephCalla.com.Stocks;
				PRODUCT_NAME = "$(TARGET_NAME)";
				SWIFT_EMIT_LOC_STRINGS = YES;
				SWIFT_VERSION = 5.0;
				TARGETED_DEVICE_FAMILY = "1,2";
			};
			name = Release;
		};
/* End XCBuildConfiguration section */

/* Begin XCConfigurationList section */
		7269464228EB51FB00217A23 /* Build configuration list for PBXProject "Stocks" */ = {
			isa = XCConfigurationList;
			buildConfigurations = (
				7269465928EB51FB00217A23 /* Debug */,
				7269465A28EB51FB00217A23 /* Release */,
			);
			defaultConfigurationIsVisible = 0;
			defaultConfigurationName = Release;
		};
		7269465B28EB51FB00217A23 /* Build configuration list for PBXNativeTarget "Stocks" */ = {
			isa = XCConfigurationList;
			buildConfigurations = (
				7269465C28EB51FB00217A23 /* Debug */,
				7269465D28EB51FB00217A23 /* Release */,
			);
			defaultConfigurationIsVisible = 0;
			defaultConfigurationName = Release;
		};
/* End XCConfigurationList section */

/* Begin XCRemoteSwiftPackageReference section */
		72F8625C28EC5CFF000353DA /* XCRemoteSwiftPackageReference "FloatingPanel" */ = {
			isa = XCRemoteSwiftPackageReference;
			repositoryURL = "https://github.com/scenee/FloatingPanel#swift-package-manager";
			requirement = {
				kind = upToNextMajorVersion;
				minimumVersion = 2.0.0;
			};
		};
/* End XCRemoteSwiftPackageReference section */

/* Begin XCSwiftPackageProductDependency section */
		72F8625D28EC5CFF000353DA /* FloatingPanel */ = {
			isa = XCSwiftPackageProductDependency;
			package = 72F8625C28EC5CFF000353DA /* XCRemoteSwiftPackageReference "FloatingPanel" */;
			productName = FloatingPanel;
		};
/* End XCSwiftPackageProductDependency section */
	};
	rootObject = 7269463F28EB51FB00217A23 /* Project object */;
}
